
Microsoft Visual Studio Solution File, Format Version 12.00
# Visual Studio 15
VisualStudioVersion = 15.0.27703.2042
MinimumVisualStudioVersion = 10.0.40219.1
Project("{FAE04EC0-301F-11D3-BF4B-00C04F79EFBC}") = "Phase.Interfaces", "Phase.Interfaces\Phase.Interfaces.csproj", "{5790EB33-1DBF-4DAA-A287-EB0BF20E5C8D}"
EndProject
Project("{FAE04EC0-301F-11D3-BF4B-00C04F79EFBC}") = "Phase", "Phase\Phase.csproj", "{232C5FE9-37B3-45F0-9881-5C1540B02889}"
EndProject
Project("{FAE04EC0-301F-11D3-BF4B-00C04F79EFBC}") = "Phase.Ninject", "Phase.Ninject\Phase.Ninject.csproj", "{1D89D566-C3FA-4A49-9BE7-DF42561E20F5}"
EndProject
Project("{FAE04EC0-301F-11D3-BF4B-00C04F79EFBC}") = "Phase.Tests", "Phase.Tests\Phase.Tests.csproj", "{18655A68-7FE4-4033-AB24-B2E2D924A075}"
EndProject
Project("{2150E333-8FDC-42A3-9474-1A3956D46DE8}") = "Samples", "Samples", "{32A90621-BE67-40D2-8E8F-EFE92D8DF2F2}"
EndProject
Project("{FAE04EC0-301F-11D3-BF4B-00C04F79EFBC}") = "Phase.Samples.Domains.Budgets", "Samples\Phase.Samples.Domains.Budgets\Phase.Samples.Domains.Budgets.csproj", "{97D78B67-B138-40AD-8E32-CDDBC31624DE}"
EndProject
Project("{FAE04EC0-301F-11D3-BF4B-00C04F79EFBC}") = "Phase.Samples.Domains.Budgets.Interfaces", "Samples\Phase.Samples.Domains.Budgets.Interfaces\Phase.Samples.Domains.Budgets.Interfaces.csproj", "{A6E34CCA-0DBD-4EDF-BEE9-813AD3B16877}"
EndProject
Project("{FAE04EC0-301F-11D3-BF4B-00C04F79EFBC}") = "Phase.SpecFlowPlugin", "Phase.SpecFlowPlugin\Phase.SpecFlowPlugin.csproj", "{8399C792-D490-4EA4-805B-72DEFE15E73B}"
EndProject
Project("{FAE04EC0-301F-11D3-BF4B-00C04F79EFBC}") = "Phase.Ninject.SpecFlowPlugin", "Phase.Ninject.SpecFlowPlugin\Phase.Ninject.SpecFlowPlugin.csproj", "{183F4DBD-4450-4021-831B-FF45903F340D}"
EndProject
Global
	GlobalSection(SolutionConfigurationPlatforms) = preSolution
		Debug|Any CPU = Debug|Any CPU
		Debug|x64 = Debug|x64
		Release|Any CPU = Release|Any CPU
		Release|x64 = Release|x64
	EndGlobalSection
	GlobalSection(ProjectConfigurationPlatforms) = postSolution
		{5790EB33-1DBF-4DAA-A287-EB0BF20E5C8D}.Debug|Any CPU.ActiveCfg = Debug|Any CPU
		{5790EB33-1DBF-4DAA-A287-EB0BF20E5C8D}.Debug|Any CPU.Build.0 = Debug|Any CPU
		{5790EB33-1DBF-4DAA-A287-EB0BF20E5C8D}.Debug|x64.ActiveCfg = Debug|Any CPU
		{5790EB33-1DBF-4DAA-A287-EB0BF20E5C8D}.Debug|x64.Build.0 = Debug|Any CPU
		{5790EB33-1DBF-4DAA-A287-EB0BF20E5C8D}.Release|Any CPU.ActiveCfg = Release|Any CPU
		{5790EB33-1DBF-4DAA-A287-EB0BF20E5C8D}.Release|Any CPU.Build.0 = Release|Any CPU
		{5790EB33-1DBF-4DAA-A287-EB0BF20E5C8D}.Release|x64.ActiveCfg = Release|x64
		{5790EB33-1DBF-4DAA-A287-EB0BF20E5C8D}.Release|x64.Build.0 = Release|x64
		{232C5FE9-37B3-45F0-9881-5C1540B02889}.Debug|Any CPU.ActiveCfg = Debug|Any CPU
		{232C5FE9-37B3-45F0-9881-5C1540B02889}.Debug|Any CPU.Build.0 = Debug|Any CPU
		{232C5FE9-37B3-45F0-9881-5C1540B02889}.Debug|x64.ActiveCfg = Debug|Any CPU
		{232C5FE9-37B3-45F0-9881-5C1540B02889}.Debug|x64.Build.0 = Debug|Any CPU
		{232C5FE9-37B3-45F0-9881-5C1540B02889}.Release|Any CPU.ActiveCfg = Release|Any CPU
		{232C5FE9-37B3-45F0-9881-5C1540B02889}.Release|Any CPU.Build.0 = Release|Any CPU
		{232C5FE9-37B3-45F0-9881-5C1540B02889}.Release|x64.ActiveCfg = Release|x64
		{232C5FE9-37B3-45F0-9881-5C1540B02889}.Release|x64.Build.0 = Release|x64
		{1D89D566-C3FA-4A49-9BE7-DF42561E20F5}.Debug|Any CPU.ActiveCfg = Debug|Any CPU
		{1D89D566-C3FA-4A49-9BE7-DF42561E20F5}.Debug|Any CPU.Build.0 = Debug|Any CPU
		{1D89D566-C3FA-4A49-9BE7-DF42561E20F5}.Debug|x64.ActiveCfg = Debug|Any CPU
		{1D89D566-C3FA-4A49-9BE7-DF42561E20F5}.Debug|x64.Build.0 = Debug|Any CPU
		{1D89D566-C3FA-4A49-9BE7-DF42561E20F5}.Release|Any CPU.ActiveCfg = Release|Any CPU
		{1D89D566-C3FA-4A49-9BE7-DF42561E20F5}.Release|Any CPU.Build.0 = Release|Any CPU
		{1D89D566-C3FA-4A49-9BE7-DF42561E20F5}.Release|x64.ActiveCfg = Release|x64
		{1D89D566-C3FA-4A49-9BE7-DF42561E20F5}.Release|x64.Build.0 = Release|x64
		{18655A68-7FE4-4033-AB24-B2E2D924A075}.Debug|Any CPU.ActiveCfg = Debug|Any CPU
		{18655A68-7FE4-4033-AB24-B2E2D924A075}.Debug|Any CPU.Build.0 = Debug|Any CPU
		{18655A68-7FE4-4033-AB24-B2E2D924A075}.Debug|x64.ActiveCfg = Debug|Any CPU
		{18655A68-7FE4-4033-AB24-B2E2D924A075}.Debug|x64.Build.0 = Debug|Any CPU
		{18655A68-7FE4-4033-AB24-B2E2D924A075}.Release|Any CPU.ActiveCfg = Release|Any CPU
		{18655A68-7FE4-4033-AB24-B2E2D924A075}.Release|Any CPU.Build.0 = Release|Any CPU
		{18655A68-7FE4-4033-AB24-B2E2D924A075}.Release|x64.ActiveCfg = Release|x64
		{18655A68-7FE4-4033-AB24-B2E2D924A075}.Release|x64.Build.0 = Release|x64
		{97D78B67-B138-40AD-8E32-CDDBC31624DE}.Debug|Any CPU.ActiveCfg = Debug|Any CPU
		{97D78B67-B138-40AD-8E32-CDDBC31624DE}.Debug|Any CPU.Build.0 = Debug|Any CPU
		{97D78B67-B138-40AD-8E32-CDDBC31624DE}.Debug|x64.ActiveCfg = Debug|Any CPU
		{97D78B67-B138-40AD-8E32-CDDBC31624DE}.Debug|x64.Build.0 = Debug|Any CPU
		{97D78B67-B138-40AD-8E32-CDDBC31624DE}.Release|Any CPU.ActiveCfg = Release|Any CPU
		{97D78B67-B138-40AD-8E32-CDDBC31624DE}.Release|Any CPU.Build.0 = Release|Any CPU
		{97D78B67-B138-40AD-8E32-CDDBC31624DE}.Release|x64.ActiveCfg = Release|Any CPU
		{97D78B67-B138-40AD-8E32-CDDBC31624DE}.Release|x64.Build.0 = Release|Any CPU
		{A6E34CCA-0DBD-4EDF-BEE9-813AD3B16877}.Debug|Any CPU.ActiveCfg = Debug|Any CPU
		{A6E34CCA-0DBD-4EDF-BEE9-813AD3B16877}.Debug|Any CPU.Build.0 = Debug|Any CPU
		{A6E34CCA-0DBD-4EDF-BEE9-813AD3B16877}.Debug|x64.ActiveCfg = Debug|Any CPU
		{A6E34CCA-0DBD-4EDF-BEE9-813AD3B16877}.Debug|x64.Build.0 = Debug|Any CPU
		{A6E34CCA-0DBD-4EDF-BEE9-813AD3B16877}.Release|Any CPU.ActiveCfg = Release|Any CPU
		{A6E34CCA-0DBD-4EDF-BEE9-813AD3B16877}.Release|Any CPU.Build.0 = Release|Any CPU
		{A6E34CCA-0DBD-4EDF-BEE9-813AD3B16877}.Release|x64.ActiveCfg = Release|Any CPU
		{A6E34CCA-0DBD-4EDF-BEE9-813AD3B16877}.Release|x64.Build.0 = Release|Any CPU
		{8399C792-D490-4EA4-805B-72DEFE15E73B}.Debug|Any CPU.ActiveCfg = Debug|Any CPU
		{8399C792-D490-4EA4-805B-72DEFE15E73B}.Debug|Any CPU.Build.0 = Debug|Any CPU
		{8399C792-D490-4EA4-805B-72DEFE15E73B}.Debug|x64.ActiveCfg = Debug|Any CPU
		{8399C792-D490-4EA4-805B-72DEFE15E73B}.Debug|x64.Build.0 = Debug|Any CPU
		{8399C792-D490-4EA4-805B-72DEFE15E73B}.Release|Any CPU.ActiveCfg = Release|Any CPU
		{8399C792-D490-4EA4-805B-72DEFE15E73B}.Release|Any CPU.Build.0 = Release|Any CPU
		{8399C792-D490-4EA4-805B-72DEFE15E73B}.Release|x64.ActiveCfg = Release|Any CPU
		{8399C792-D490-4EA4-805B-72DEFE15E73B}.Release|x64.Build.0 = Release|Any CPU
		{183F4DBD-4450-4021-831B-FF45903F340D}.Debug|Any CPU.ActiveCfg = Debug|Any CPU
		{183F4DBD-4450-4021-831B-FF45903F340D}.Debug|Any CPU.Build.0 = Debug|Any CPU
		{183F4DBD-4450-4021-831B-FF45903F340D}.Debug|x64.ActiveCfg = Debug|Any CPU
		{183F4DBD-4450-4021-831B-FF45903F340D}.Debug|x64.Build.0 = Debug|Any CPU
		{183F4DBD-4450-4021-831B-FF45903F340D}.Release|Any CPU.ActiveCfg = Release|Any CPU
		{183F4DBD-4450-4021-831B-FF45903F340D}.Release|Any CPU.Build.0 = Release|Any CPU
		{183F4DBD-4450-4021-831B-FF45903F340D}.Release|x64.ActiveCfg = Release|Any CPU
		{183F4DBD-4450-4021-831B-FF45903F340D}.Release|x64.Build.0 = Release|Any CPU
	EndGlobalSection
	GlobalSection(SolutionProperties) = preSolution
		HideSolutionNode = FALSE
	EndGlobalSection
	GlobalSection(NestedProjects) = preSolution
		{97D78B67-B138-40AD-8E32-CDDBC31624DE} = {32A90621-BE67-40D2-8E8F-EFE92D8DF2F2}
		{A6E34CCA-0DBD-4EDF-BEE9-813AD3B16877} = {32A90621-BE67-40D2-8E8F-EFE92D8DF2F2}
	EndGlobalSection
	GlobalSection(ExtensibilityGlobals) = postSolution
		SolutionGuid = {2610A898-58A3-48A6-A4AD-45A49DDDA4C2}
	EndGlobalSection
EndGlobal
